// !$*UTF8*$!
{
	archiveVersion = 1;
	classes = {
	};
	objectVersion = 52;
	objects = {

/* Begin PBXBuildFile section */
		4E88A021239BCF580083B2E7 /* BackStage_main.storyboard in Resources */ = {isa = PBXBuildFile; fileRef = 4E88A020239BCF580083B2E7 /* BackStage_main.storyboard */; };
		4EDA7BB02397696300A6AAE6 /* CommodityDetailVC.swift in Sources */ = {isa = PBXBuildFile; fileRef = 4EDA7BAB2397695A00A6AAE6 /* CommodityDetailVC.swift */; };
		4EDA7BB12397696300A6AAE6 /* CommodityTableViewController.swift in Sources */ = {isa = PBXBuildFile; fileRef = 4EDA7BAC2397695C00A6AAE6 /* CommodityTableViewController.swift */; };
		4EDA7BB22397696300A6AAE6 /* Commodity.swift in Sources */ = {isa = PBXBuildFile; fileRef = 4EDA7BAD2397695E00A6AAE6 /* Commodity.swift */; };
		4EDA7BB32397696300A6AAE6 /* Home_Lin.storyboard in Resources */ = {isa = PBXBuildFile; fileRef = 4EDA7BAE2397696100A6AAE6 /* Home_Lin.storyboard */; };
		4EDA7BB42397696300A6AAE6 /* CommodityTableViewCell.swift in Sources */ = {isa = PBXBuildFile; fileRef = 4EDA7BAF2397696300A6AAE6 /* CommodityTableViewCell.swift */; };
		522A3FCF23965E3900EE7F69 /* UserCell.swift in Sources */ = {isa = PBXBuildFile; fileRef = 522A3FCE23965E3900EE7F69 /* UserCell.swift */; };
		522A3FD12396607500EE7F69 /* User.swift in Sources */ = {isa = PBXBuildFile; fileRef = 522A3FD02396607500EE7F69 /* User.swift */; };
		528022E8239550CB008777B0 /* Notice.swift in Sources */ = {isa = PBXBuildFile; fileRef = 528022E7239550CB008777B0 /* Notice.swift */; };
		528022EC239550D8008777B0 /* NoticeTVC.swift in Sources */ = {isa = PBXBuildFile; fileRef = 528022EB239550D8008777B0 /* NoticeTVC.swift */; };
		5281E521238D16BF00C5E554 /* QRCodeViewController.swift in Sources */ = {isa = PBXBuildFile; fileRef = 5281E51E238D16BC00C5E554 /* QRCodeViewController.swift */; };
		5281E522238D16BF00C5E554 /* GenQRCodeVC.swift in Sources */ = {isa = PBXBuildFile; fileRef = 5281E51F238D16BF00C5E554 /* GenQRCodeVC.swift */; };
		5281E527238D16CC00C5E554 /* swift.png in Resources */ = {isa = PBXBuildFile; fileRef = 5281E523238D16C600C5E554 /* swift.png */; };
		5281E528238D16CC00C5E554 /* background.png in Resources */ = {isa = PBXBuildFile; fileRef = 5281E524238D16C800C5E554 /* background.png */; };
		5281E529238D16CC00C5E554 /* iu.jpeg in Resources */ = {isa = PBXBuildFile; fileRef = 5281E525238D16CA00C5E554 /* iu.jpeg */; };
		5281E52A238D16CC00C5E554 /* ios.png in Resources */ = {isa = PBXBuildFile; fileRef = 5281E526238D16CC00C5E554 /* ios.png */; };
		5281E52F238D170E00C5E554 /* SearchUserResultVC.swift in Sources */ = {isa = PBXBuildFile; fileRef = 5281E52D238D170C00C5E554 /* SearchUserResultVC.swift */; };
		5281E530238D170E00C5E554 /* SearchUserVC.swift in Sources */ = {isa = PBXBuildFile; fileRef = 5281E52E238D170D00C5E554 /* SearchUserVC.swift */; };
		5281E536238D173100C5E554 /* SearchFriendResultVC.swift in Sources */ = {isa = PBXBuildFile; fileRef = 5281E532238D172A00C5E554 /* SearchFriendResultVC.swift */; };
		5281E537238D173100C5E554 /* Friend.swift in Sources */ = {isa = PBXBuildFile; fileRef = 5281E533238D172C00C5E554 /* Friend.swift */; };
		5281E538238D173100C5E554 /* FriendCell.swift in Sources */ = {isa = PBXBuildFile; fileRef = 5281E534238D172F00C5E554 /* FriendCell.swift */; };
		5281E539238D173100C5E554 /* SearchFriendVC.swift in Sources */ = {isa = PBXBuildFile; fileRef = 5281E535238D173100C5E554 /* SearchFriendVC.swift */; };
		5281E53D238D175800C5E554 /* YiNan.storyboard in Resources */ = {isa = PBXBuildFile; fileRef = 5281E53B238D175400C5E554 /* YiNan.storyboard */; };
		5281E53E238D175800C5E554 /* FriendHomeVC.swift in Sources */ = {isa = PBXBuildFile; fileRef = 5281E53C238D175800C5E554 /* FriendHomeVC.swift */; };
		52B3B1D7239561F1009E66AB /* NoticeCell.swift in Sources */ = {isa = PBXBuildFile; fileRef = 52B3B1D6239561F1009E66AB /* NoticeCell.swift */; };
		A30F4CDF2388CAAC0065E85C /* AppDelegate.swift in Sources */ = {isa = PBXBuildFile; fileRef = A30F4CDE2388CAAC0065E85C /* AppDelegate.swift */; };
		A30F4CE12388CAAC0065E85C /* SceneDelegate.swift in Sources */ = {isa = PBXBuildFile; fileRef = A30F4CE02388CAAC0065E85C /* SceneDelegate.swift */; };
		A30F4CE32388CAAC0065E85C /* ViewController.swift in Sources */ = {isa = PBXBuildFile; fileRef = A30F4CE22388CAAC0065E85C /* ViewController.swift */; };
		A30F4CE82388CAAE0065E85C /* Assets.xcassets in Resources */ = {isa = PBXBuildFile; fileRef = A30F4CE72388CAAE0065E85C /* Assets.xcassets */; };
		A30F4CEB2388CAAE0065E85C /* LaunchScreen.storyboard in Resources */ = {isa = PBXBuildFile; fileRef = A30F4CE92388CAAE0065E85C /* LaunchScreen.storyboard */; };
		A30F4CF32388CAE20065E85C /* GoogleService-Info.plist in Resources */ = {isa = PBXBuildFile; fileRef = A30F4CF22388CAE20065E85C /* GoogleService-Info.plist */; };
		A34994A4239D046B00012FCE /* QRCodeUserVC.swift in Sources */ = {isa = PBXBuildFile; fileRef = A34994A3239D046B00012FCE /* QRCodeUserVC.swift */; };
		A34994B2239DEABC00012FCE /* FacebookLogin in Frameworks */ = {isa = PBXBuildFile; productRef = A34994B1239DEABC00012FCE /* FacebookLogin */; };
		A34994B4239DEAC900012FCE /* Accelerate.framework in Frameworks */ = {isa = PBXBuildFile; fileRef = A34994B3239DEAC900012FCE /* Accelerate.framework */; };
		A34994B6239DEC9000012FCE /* Main.storyboard in Resources */ = {isa = PBXBuildFile; fileRef = A34994B5239DEC9000012FCE /* Main.storyboard */; };
		A34994D1239DECDE00012FCE /* signUpPhoneVC.swift in Sources */ = {isa = PBXBuildFile; fileRef = A34994B9239DECDD00012FCE /* signUpPhoneVC.swift */; };
		A34994D2239DECDE00012FCE /* ordersVC.swift in Sources */ = {isa = PBXBuildFile; fileRef = A34994BA239DECDD00012FCE /* ordersVC.swift */; };
		A34994D3239DECDE00012FCE /* orderDetailVC.swift in Sources */ = {isa = PBXBuildFile; fileRef = A34994BB239DECDD00012FCE /* orderDetailVC.swift */; };
		A34994D4239DECDE00012FCE /* chartsTV.swift in Sources */ = {isa = PBXBuildFile; fileRef = A34994BC239DECDD00012FCE /* chartsTV.swift */; };
		A34994D5239DECDE00012FCE /* changePasswordVC.swift in Sources */ = {isa = PBXBuildFile; fileRef = A34994BD239DECDD00012FCE /* changePasswordVC.swift */; };
		A34994D6239DECDE00012FCE /* myAccountTVC.swift in Sources */ = {isa = PBXBuildFile; fileRef = A34994BE239DECDD00012FCE /* myAccountTVC.swift */; };
		A34994D7239DECDE00012FCE /* signInVC.swift in Sources */ = {isa = PBXBuildFile; fileRef = A34994BF239DECDD00012FCE /* signInVC.swift */; };
		A34994D8239DECDE00012FCE /* userListVC.swift in Sources */ = {isa = PBXBuildFile; fileRef = A34994C0239DECDD00012FCE /* userListVC.swift */; };
		A34994D9239DECDE00012FCE /* signUpVC.swift in Sources */ = {isa = PBXBuildFile; fileRef = A34994C1239DECDD00012FCE /* signUpVC.swift */; };
		A34994DA239DECDE00012FCE /* MyProfileTVC.swift in Sources */ = {isa = PBXBuildFile; fileRef = A34994C2239DECDD00012FCE /* MyProfileTVC.swift */; };
		A34994DB239DECDE00012FCE /* admListTVC.swift in Sources */ = {isa = PBXBuildFile; fileRef = A34994C3239DECDD00012FCE /* admListTVC.swift */; };
		A34994DC239DECDE00012FCE /* editPhotoVC.swift in Sources */ = {isa = PBXBuildFile; fileRef = A34994C4239DECDD00012FCE /* editPhotoVC.swift */; };
		A34994DD239DECDE00012FCE /* forgotPWVC.swift in Sources */ = {isa = PBXBuildFile; fileRef = A34994C5239DECDD00012FCE /* forgotPWVC.swift */; };
		A34994DE239DECDE00012FCE /* Users.swift in Sources */ = {isa = PBXBuildFile; fileRef = A34994C7239DECDE00012FCE /* Users.swift */; };
		A34994DF239DECDE00012FCE /* FuncLoadingView.swift in Sources */ = {isa = PBXBuildFile; fileRef = A34994C8239DECDE00012FCE /* FuncLoadingView.swift */; };
		A34994E1239DECDE00012FCE /* FirebaseWorks.swift in Sources */ = {isa = PBXBuildFile; fileRef = A34994CA239DECDE00012FCE /* FirebaseWorks.swift */; };
		A34994E2239DECDE00012FCE /* userListCell.swift in Sources */ = {isa = PBXBuildFile; fileRef = A34994CC239DECDE00012FCE /* userListCell.swift */; };
		A34994E3239DECDE00012FCE /* ordersTVCell.swift in Sources */ = {isa = PBXBuildFile; fileRef = A34994CD239DECDE00012FCE /* ordersTVCell.swift */; };
		A34994E4239DECDE00012FCE /* MyAccountStoryboard.storyboard in Resources */ = {isa = PBXBuildFile; fileRef = A34994CE239DECDE00012FCE /* MyAccountStoryboard.storyboard */; };
		A34994E5239DECDE00012FCE /* backStage_User.storyboard in Resources */ = {isa = PBXBuildFile; fileRef = A34994CF239DECDE00012FCE /* backStage_User.storyboard */; };
		A34994E6239DECDE00012FCE /* admListCell.swift in Sources */ = {isa = PBXBuildFile; fileRef = A34994D0239DECDE00012FCE /* admListCell.swift */; };
		A34994F5239DEE7C00012FCE /* loadingView.xib in Resources */ = {isa = PBXBuildFile; fileRef = A34994F4239DEE7C00012FCE /* loadingView.xib */; };
		A3499505239E16E400012FCE /* backStage_Adm.storyboard in Resources */ = {isa = PBXBuildFile; fileRef = A3499504239E16E400012FCE /* backStage_Adm.storyboard */; };
		A350C805239E268B00ACDE58 /* Charts.framework in Frameworks */ = {isa = PBXBuildFile; fileRef = A34994EE239DED9F00012FCE /* Charts.framework */; };
		A350C806239E268B00ACDE58 /* Charts.framework in Embed Frameworks */ = {isa = PBXBuildFile; fileRef = A34994EE239DED9F00012FCE /* Charts.framework */; settings = {ATTRIBUTES = (CodeSignOnCopy, RemoveHeadersOnCopy, ); }; };
		C0315EFED042E555B0636CEE /* Pods_LaviLog.framework in Frameworks */ = {isa = PBXBuildFile; fileRef = 933C6F726D3107DC7326E0D1 /* Pods_LaviLog.framework */; };
		E25B13232397694F003C27E4 /* Daily_Storyboard_K.storyboard in Resources */ = {isa = PBXBuildFile; fileRef = E25B13222397694F003C27E4 /* Daily_Storyboard_K.storyboard */; };
		E262E917239DDED60023F2D7 /* Daily_Album_K_CollectionViewController.swift in Sources */ = {isa = PBXBuildFile; fileRef = E262E916239DDED60023F2D7 /* Daily_Album_K_CollectionViewController.swift */; };
		E262E919239DDF110023F2D7 /* Daily_Album_K_CollectionViewCell.swift in Sources */ = {isa = PBXBuildFile; fileRef = E262E918239DDF110023F2D7 /* Daily_Album_K_CollectionViewCell.swift */; };
		E287846323963843002C11A0 /* Answer_Daily_K.swift in Sources */ = {isa = PBXBuildFile; fileRef = E287846023963843002C11A0 /* Answer_Daily_K.swift */; };
		E287846423963843002C11A0 /* Question_Daily_K.swift in Sources */ = {isa = PBXBuildFile; fileRef = E287846123963843002C11A0 /* Question_Daily_K.swift */; };
		E287846523963843002C11A0 /* SearchDailyTableViewCell.swift in Sources */ = {isa = PBXBuildFile; fileRef = E287846223963843002C11A0 /* SearchDailyTableViewCell.swift */; };
		E287846B23963887002C11A0 /* SearchDailyViewController.swift in Sources */ = {isa = PBXBuildFile; fileRef = E287846723963887002C11A0 /* SearchDailyViewController.swift */; };
		E287846C23963887002C11A0 /* DailyPage2ViewController_K.swift in Sources */ = {isa = PBXBuildFile; fileRef = E287846823963887002C11A0 /* DailyPage2ViewController_K.swift */; };
		E287846D23963887002C11A0 /* DaiyInsert_ViewController_K.swift in Sources */ = {isa = PBXBuildFile; fileRef = E287846923963887002C11A0 /* DaiyInsert_ViewController_K.swift */; };
		E2878473239638D1002C11A0 /* Home_Storyboard_K.storyboard in Resources */ = {isa = PBXBuildFile; fileRef = E2878471239638D1002C11A0 /* Home_Storyboard_K.storyboard */; };
/* End PBXBuildFile section */

/* Begin PBXContainerItemProxy section */
		A34994ED239DED9F00012FCE /* PBXContainerItemProxy */ = {
			isa = PBXContainerItemProxy;
			containerPortal = A34994E8239DED9F00012FCE /* Charts.xcodeproj */;
			proxyType = 2;
			remoteGlobalIDString = 65AD9E95D9ED4DC0BD73A743;
			remoteInfo = Charts;
		};
		A34994EF239DED9F00012FCE /* PBXContainerItemProxy */ = {
			isa = PBXContainerItemProxy;
			containerPortal = A34994E8239DED9F00012FCE /* Charts.xcodeproj */;
			proxyType = 2;
			remoteGlobalIDString = 1CBBC58C6CE1EBEE9852CE41;
			remoteInfo = ChartsTests;
		};
/* End PBXContainerItemProxy section */

/* Begin PBXCopyFilesBuildPhase section */
		A350C807239E268B00ACDE58 /* Embed Frameworks */ = {
			isa = PBXCopyFilesBuildPhase;
			buildActionMask = 2147483647;
			dstPath = "";
			dstSubfolderSpec = 10;
			files = (
				A350C806239E268B00ACDE58 /* Charts.framework in Embed Frameworks */,
			);
			name = "Embed Frameworks";
			runOnlyForDeploymentPostprocessing = 0;
		};
/* End PBXCopyFilesBuildPhase section */

/* Begin PBXFileReference section */
		1545BC26871D2C28A99594E3 /* Pods-LaviLog.debug.xcconfig */ = {isa = PBXFileReference; includeInIndex = 1; lastKnownFileType = text.xcconfig; name = "Pods-LaviLog.debug.xcconfig"; path = "Target Support Files/Pods-LaviLog/Pods-LaviLog.debug.xcconfig"; sourceTree = "<group>"; };
		239B829599FFAA741B2151EE /* Pods-LaviLog.release.xcconfig */ = {isa = PBXFileReference; includeInIndex = 1; lastKnownFileType = text.xcconfig; name = "Pods-LaviLog.release.xcconfig"; path = "Target Support Files/Pods-LaviLog/Pods-LaviLog.release.xcconfig"; sourceTree = "<group>"; };
		4E88A020239BCF580083B2E7 /* BackStage_main.storyboard */ = {isa = PBXFileReference; lastKnownFileType = file.storyboard; path = BackStage_main.storyboard; sourceTree = "<group>"; };
		4EDA7BAB2397695A00A6AAE6 /* CommodityDetailVC.swift */ = {isa = PBXFileReference; fileEncoding = 4; lastKnownFileType = sourcecode.swift; path = CommodityDetailVC.swift; sourceTree = "<group>"; };
		4EDA7BAC2397695C00A6AAE6 /* CommodityTableViewController.swift */ = {isa = PBXFileReference; fileEncoding = 4; lastKnownFileType = sourcecode.swift; path = CommodityTableViewController.swift; sourceTree = "<group>"; };
		4EDA7BAD2397695E00A6AAE6 /* Commodity.swift */ = {isa = PBXFileReference; fileEncoding = 4; lastKnownFileType = sourcecode.swift; path = Commodity.swift; sourceTree = "<group>"; };
		4EDA7BAE2397696100A6AAE6 /* Home_Lin.storyboard */ = {isa = PBXFileReference; fileEncoding = 4; lastKnownFileType = file.storyboard; path = Home_Lin.storyboard; sourceTree = "<group>"; };
		4EDA7BAF2397696300A6AAE6 /* CommodityTableViewCell.swift */ = {isa = PBXFileReference; fileEncoding = 4; lastKnownFileType = sourcecode.swift; path = CommodityTableViewCell.swift; sourceTree = "<group>"; };
		522A3FCE23965E3900EE7F69 /* UserCell.swift */ = {isa = PBXFileReference; lastKnownFileType = sourcecode.swift; path = UserCell.swift; sourceTree = "<group>"; };
		522A3FD02396607500EE7F69 /* User.swift */ = {isa = PBXFileReference; lastKnownFileType = sourcecode.swift; path = User.swift; sourceTree = "<group>"; };
		528022E7239550CB008777B0 /* Notice.swift */ = {isa = PBXFileReference; fileEncoding = 4; lastKnownFileType = sourcecode.swift; path = Notice.swift; sourceTree = "<group>"; };
		528022EB239550D8008777B0 /* NoticeTVC.swift */ = {isa = PBXFileReference; fileEncoding = 4; lastKnownFileType = sourcecode.swift; path = NoticeTVC.swift; sourceTree = "<group>"; };
		5281E51E238D16BC00C5E554 /* QRCodeViewController.swift */ = {isa = PBXFileReference; fileEncoding = 4; lastKnownFileType = sourcecode.swift; path = QRCodeViewController.swift; sourceTree = "<group>"; };
		5281E51F238D16BF00C5E554 /* GenQRCodeVC.swift */ = {isa = PBXFileReference; fileEncoding = 4; lastKnownFileType = sourcecode.swift; path = GenQRCodeVC.swift; sourceTree = "<group>"; };
		5281E523238D16C600C5E554 /* swift.png */ = {isa = PBXFileReference; lastKnownFileType = image.png; path = swift.png; sourceTree = "<group>"; };
		5281E524238D16C800C5E554 /* background.png */ = {isa = PBXFileReference; lastKnownFileType = image.png; path = background.png; sourceTree = "<group>"; };
		5281E525238D16CA00C5E554 /* iu.jpeg */ = {isa = PBXFileReference; lastKnownFileType = image.jpeg; path = iu.jpeg; sourceTree = "<group>"; };
		5281E526238D16CC00C5E554 /* ios.png */ = {isa = PBXFileReference; lastKnownFileType = image.png; path = ios.png; sourceTree = "<group>"; };
		5281E52D238D170C00C5E554 /* SearchUserResultVC.swift */ = {isa = PBXFileReference; fileEncoding = 4; lastKnownFileType = sourcecode.swift; path = SearchUserResultVC.swift; sourceTree = "<group>"; };
		5281E52E238D170D00C5E554 /* SearchUserVC.swift */ = {isa = PBXFileReference; fileEncoding = 4; lastKnownFileType = sourcecode.swift; path = SearchUserVC.swift; sourceTree = "<group>"; };
		5281E532238D172A00C5E554 /* SearchFriendResultVC.swift */ = {isa = PBXFileReference; fileEncoding = 4; lastKnownFileType = sourcecode.swift; path = SearchFriendResultVC.swift; sourceTree = "<group>"; };
		5281E533238D172C00C5E554 /* Friend.swift */ = {isa = PBXFileReference; fileEncoding = 4; lastKnownFileType = sourcecode.swift; path = Friend.swift; sourceTree = "<group>"; };
		5281E534238D172F00C5E554 /* FriendCell.swift */ = {isa = PBXFileReference; fileEncoding = 4; lastKnownFileType = sourcecode.swift; path = FriendCell.swift; sourceTree = "<group>"; };
		5281E535238D173100C5E554 /* SearchFriendVC.swift */ = {isa = PBXFileReference; fileEncoding = 4; lastKnownFileType = sourcecode.swift; path = SearchFriendVC.swift; sourceTree = "<group>"; };
		5281E53B238D175400C5E554 /* YiNan.storyboard */ = {isa = PBXFileReference; fileEncoding = 4; lastKnownFileType = file.storyboard; path = YiNan.storyboard; sourceTree = "<group>"; };
		5281E53C238D175800C5E554 /* FriendHomeVC.swift */ = {isa = PBXFileReference; fileEncoding = 4; lastKnownFileType = sourcecode.swift; path = FriendHomeVC.swift; sourceTree = "<group>"; };
		52B3B1D6239561F1009E66AB /* NoticeCell.swift */ = {isa = PBXFileReference; lastKnownFileType = sourcecode.swift; path = NoticeCell.swift; sourceTree = "<group>"; };
		933C6F726D3107DC7326E0D1 /* Pods_LaviLog.framework */ = {isa = PBXFileReference; explicitFileType = wrapper.framework; includeInIndex = 0; path = Pods_LaviLog.framework; sourceTree = BUILT_PRODUCTS_DIR; };
		A30F4CDB2388CAAC0065E85C /* LaviLog.app */ = {isa = PBXFileReference; explicitFileType = wrapper.application; includeInIndex = 0; path = LaviLog.app; sourceTree = BUILT_PRODUCTS_DIR; };
		A30F4CDE2388CAAC0065E85C /* AppDelegate.swift */ = {isa = PBXFileReference; lastKnownFileType = sourcecode.swift; path = AppDelegate.swift; sourceTree = "<group>"; };
		A30F4CE02388CAAC0065E85C /* SceneDelegate.swift */ = {isa = PBXFileReference; lastKnownFileType = sourcecode.swift; path = SceneDelegate.swift; sourceTree = "<group>"; };
		A30F4CE22388CAAC0065E85C /* ViewController.swift */ = {isa = PBXFileReference; lastKnownFileType = sourcecode.swift; path = ViewController.swift; sourceTree = "<group>"; };
		A30F4CE72388CAAE0065E85C /* Assets.xcassets */ = {isa = PBXFileReference; lastKnownFileType = folder.assetcatalog; path = Assets.xcassets; sourceTree = "<group>"; };
		A30F4CEA2388CAAE0065E85C /* Base */ = {isa = PBXFileReference; lastKnownFileType = file.storyboard; name = Base; path = Base.lproj/LaunchScreen.storyboard; sourceTree = "<group>"; };
		A30F4CEC2388CAAE0065E85C /* Info.plist */ = {isa = PBXFileReference; lastKnownFileType = text.plist.xml; path = Info.plist; sourceTree = "<group>"; };
		A30F4CF22388CAE20065E85C /* GoogleService-Info.plist */ = {isa = PBXFileReference; fileEncoding = 4; lastKnownFileType = text.plist.xml; path = "GoogleService-Info.plist"; sourceTree = "<group>"; };
		A34994A3239D046B00012FCE /* QRCodeUserVC.swift */ = {isa = PBXFileReference; fileEncoding = 4; lastKnownFileType = sourcecode.swift; path = QRCodeUserVC.swift; sourceTree = "<group>"; };
		A34994B3239DEAC900012FCE /* Accelerate.framework */ = {isa = PBXFileReference; lastKnownFileType = wrapper.framework; name = Accelerate.framework; path = System/Library/Frameworks/Accelerate.framework; sourceTree = SDKROOT; };
		A34994B5239DEC9000012FCE /* Main.storyboard */ = {isa = PBXFileReference; fileEncoding = 4; lastKnownFileType = file.storyboard; name = Main.storyboard; path = ../../LaviLogiOS2/LaviLog/Main.storyboard; sourceTree = "<group>"; };
		A34994B9239DECDD00012FCE /* signUpPhoneVC.swift */ = {isa = PBXFileReference; fileEncoding = 4; lastKnownFileType = sourcecode.swift; path = signUpPhoneVC.swift; sourceTree = "<group>"; };
		A34994BA239DECDD00012FCE /* ordersVC.swift */ = {isa = PBXFileReference; fileEncoding = 4; lastKnownFileType = sourcecode.swift; path = ordersVC.swift; sourceTree = "<group>"; };
		A34994BB239DECDD00012FCE /* orderDetailVC.swift */ = {isa = PBXFileReference; fileEncoding = 4; lastKnownFileType = sourcecode.swift; path = orderDetailVC.swift; sourceTree = "<group>"; };
		A34994BC239DECDD00012FCE /* chartsTV.swift */ = {isa = PBXFileReference; fileEncoding = 4; lastKnownFileType = sourcecode.swift; path = chartsTV.swift; sourceTree = "<group>"; };
		A34994BD239DECDD00012FCE /* changePasswordVC.swift */ = {isa = PBXFileReference; fileEncoding = 4; lastKnownFileType = sourcecode.swift; path = changePasswordVC.swift; sourceTree = "<group>"; };
		A34994BE239DECDD00012FCE /* myAccountTVC.swift */ = {isa = PBXFileReference; fileEncoding = 4; lastKnownFileType = sourcecode.swift; path = myAccountTVC.swift; sourceTree = "<group>"; };
		A34994BF239DECDD00012FCE /* signInVC.swift */ = {isa = PBXFileReference; fileEncoding = 4; lastKnownFileType = sourcecode.swift; path = signInVC.swift; sourceTree = "<group>"; };
		A34994C0239DECDD00012FCE /* userListVC.swift */ = {isa = PBXFileReference; fileEncoding = 4; lastKnownFileType = sourcecode.swift; path = userListVC.swift; sourceTree = "<group>"; };
		A34994C1239DECDD00012FCE /* signUpVC.swift */ = {isa = PBXFileReference; fileEncoding = 4; lastKnownFileType = sourcecode.swift; path = signUpVC.swift; sourceTree = "<group>"; };
		A34994C2239DECDD00012FCE /* MyProfileTVC.swift */ = {isa = PBXFileReference; fileEncoding = 4; lastKnownFileType = sourcecode.swift; path = MyProfileTVC.swift; sourceTree = "<group>"; };
		A34994C3239DECDD00012FCE /* admListTVC.swift */ = {isa = PBXFileReference; fileEncoding = 4; lastKnownFileType = sourcecode.swift; path = admListTVC.swift; sourceTree = "<group>"; };
		A34994C4239DECDD00012FCE /* editPhotoVC.swift */ = {isa = PBXFileReference; fileEncoding = 4; lastKnownFileType = sourcecode.swift; path = editPhotoVC.swift; sourceTree = "<group>"; };
		A34994C5239DECDD00012FCE /* forgotPWVC.swift */ = {isa = PBXFileReference; fileEncoding = 4; lastKnownFileType = sourcecode.swift; path = forgotPWVC.swift; sourceTree = "<group>"; };
		A34994C7239DECDE00012FCE /* Users.swift */ = {isa = PBXFileReference; fileEncoding = 4; lastKnownFileType = sourcecode.swift; path = Users.swift; sourceTree = "<group>"; };
		A34994C8239DECDE00012FCE /* FuncLoadingView.swift */ = {isa = PBXFileReference; fileEncoding = 4; lastKnownFileType = sourcecode.swift; path = FuncLoadingView.swift; sourceTree = "<group>"; };
		A34994CA239DECDE00012FCE /* FirebaseWorks.swift */ = {isa = PBXFileReference; fileEncoding = 4; lastKnownFileType = sourcecode.swift; path = FirebaseWorks.swift; sourceTree = "<group>"; };
		A34994CC239DECDE00012FCE /* userListCell.swift */ = {isa = PBXFileReference; fileEncoding = 4; lastKnownFileType = sourcecode.swift; path = userListCell.swift; sourceTree = "<group>"; };
		A34994CD239DECDE00012FCE /* ordersTVCell.swift */ = {isa = PBXFileReference; fileEncoding = 4; lastKnownFileType = sourcecode.swift; path = ordersTVCell.swift; sourceTree = "<group>"; };
		A34994CE239DECDE00012FCE /* MyAccountStoryboard.storyboard */ = {isa = PBXFileReference; fileEncoding = 4; lastKnownFileType = file.storyboard; path = MyAccountStoryboard.storyboard; sourceTree = "<group>"; };
		A34994CF239DECDE00012FCE /* backStage_User.storyboard */ = {isa = PBXFileReference; fileEncoding = 4; lastKnownFileType = file.storyboard; path = backStage_User.storyboard; sourceTree = "<group>"; };
		A34994D0239DECDE00012FCE /* admListCell.swift */ = {isa = PBXFileReference; fileEncoding = 4; lastKnownFileType = sourcecode.swift; path = admListCell.swift; sourceTree = "<group>"; };
		A34994E8239DED9F00012FCE /* Charts.xcodeproj */ = {isa = PBXFileReference; lastKnownFileType = "wrapper.pb-project"; name = Charts.xcodeproj; path = Charts/Charts.xcodeproj; sourceTree = "<group>"; };
		A34994F4239DEE7C00012FCE /* loadingView.xib */ = {isa = PBXFileReference; fileEncoding = 4; lastKnownFileType = file.xib; name = loadingView.xib; path = ../../../loadingView.xib; sourceTree = "<group>"; };
		A3499504239E16E400012FCE /* backStage_Adm.storyboard */ = {isa = PBXFileReference; lastKnownFileType = file.storyboard; path = backStage_Adm.storyboard; sourceTree = "<group>"; };
		E25B13222397694F003C27E4 /* Daily_Storyboard_K.storyboard */ = {isa = PBXFileReference; fileEncoding = 4; lastKnownFileType = file.storyboard; path = Daily_Storyboard_K.storyboard; sourceTree = "<group>"; };
		E262E916239DDED60023F2D7 /* Daily_Album_K_CollectionViewController.swift */ = {isa = PBXFileReference; lastKnownFileType = sourcecode.swift; path = Daily_Album_K_CollectionViewController.swift; sourceTree = "<group>"; };
		E262E918239DDF110023F2D7 /* Daily_Album_K_CollectionViewCell.swift */ = {isa = PBXFileReference; lastKnownFileType = sourcecode.swift; path = Daily_Album_K_CollectionViewCell.swift; sourceTree = "<group>"; };
		E287846023963843002C11A0 /* Answer_Daily_K.swift */ = {isa = PBXFileReference; fileEncoding = 4; lastKnownFileType = sourcecode.swift; path = Answer_Daily_K.swift; sourceTree = "<group>"; };
		E287846123963843002C11A0 /* Question_Daily_K.swift */ = {isa = PBXFileReference; fileEncoding = 4; lastKnownFileType = sourcecode.swift; path = Question_Daily_K.swift; sourceTree = "<group>"; };
		E287846223963843002C11A0 /* SearchDailyTableViewCell.swift */ = {isa = PBXFileReference; fileEncoding = 4; lastKnownFileType = sourcecode.swift; path = SearchDailyTableViewCell.swift; sourceTree = "<group>"; };
		E287846723963887002C11A0 /* SearchDailyViewController.swift */ = {isa = PBXFileReference; fileEncoding = 4; lastKnownFileType = sourcecode.swift; path = SearchDailyViewController.swift; sourceTree = "<group>"; };
		E287846823963887002C11A0 /* DailyPage2ViewController_K.swift */ = {isa = PBXFileReference; fileEncoding = 4; lastKnownFileType = sourcecode.swift; path = DailyPage2ViewController_K.swift; sourceTree = "<group>"; };
		E287846923963887002C11A0 /* DaiyInsert_ViewController_K.swift */ = {isa = PBXFileReference; fileEncoding = 4; lastKnownFileType = sourcecode.swift; path = DaiyInsert_ViewController_K.swift; sourceTree = "<group>"; };
		E2878471239638D1002C11A0 /* Home_Storyboard_K.storyboard */ = {isa = PBXFileReference; fileEncoding = 4; lastKnownFileType = file.storyboard; path = Home_Storyboard_K.storyboard; sourceTree = "<group>"; };
/* End PBXFileReference section */

/* Begin PBXFrameworksBuildPhase section */
		A30F4CD82388CAAC0065E85C /* Frameworks */ = {
			isa = PBXFrameworksBuildPhase;
			buildActionMask = 2147483647;
			files = (
				A34994B4239DEAC900012FCE /* Accelerate.framework in Frameworks */,
				A350C805239E268B00ACDE58 /* Charts.framework in Frameworks */,
				A34994B2239DEABC00012FCE /* FacebookLogin in Frameworks */,
				C0315EFED042E555B0636CEE /* Pods_LaviLog.framework in Frameworks */,
			);
			runOnlyForDeploymentPostprocessing = 0;
		};
/* End PBXFrameworksBuildPhase section */

/* Begin PBXGroup section */
		09BBD47BFABDC5BA3994EB1F /* Pods */ = {
			isa = PBXGroup;
			children = (
				1545BC26871D2C28A99594E3 /* Pods-LaviLog.debug.xcconfig */,
				239B829599FFAA741B2151EE /* Pods-LaviLog.release.xcconfig */,
			);
			path = Pods;
			sourceTree = "<group>";
		};
		4EDA7BA82397690F00A6AAE6 /* Lin */ = {
			isa = PBXGroup;
			children = (
				4EDA7BAA2397694800A6AAE6 /* BackStage */,
				4EDA7BA92397694000A6AAE6 /* Commodity */,
			);
			name = Lin;
			path = lavilogImage/Lin;
			sourceTree = "<group>";
		};
		4EDA7BA92397694000A6AAE6 /* Commodity */ = {
			isa = PBXGroup;
			children = (
				4EDA7BAD2397695E00A6AAE6 /* Commodity.swift */,
				4EDA7BAB2397695A00A6AAE6 /* CommodityDetailVC.swift */,
				4EDA7BAF2397696300A6AAE6 /* CommodityTableViewCell.swift */,
				4EDA7BAC2397695C00A6AAE6 /* CommodityTableViewController.swift */,
				4EDA7BAE2397696100A6AAE6 /* Home_Lin.storyboard */,
			);
			path = Commodity;
			sourceTree = "<group>";
		};
		4EDA7BAA2397694800A6AAE6 /* BackStage */ = {
			isa = PBXGroup;
			children = (
			);
			path = BackStage;
			sourceTree = "<group>";
		};
		528022ED239550DE008777B0 /* NoticeFriend */ = {
			isa = PBXGroup;
			children = (
				528022E7239550CB008777B0 /* Notice.swift */,
				52B3B1D6239561F1009E66AB /* NoticeCell.swift */,
				528022EB239550D8008777B0 /* NoticeTVC.swift */,
			);
			path = NoticeFriend;
			sourceTree = "<group>";
		};
		5281E51C238D166400C5E554 /* Kao */ = {
			isa = PBXGroup;
			children = (
				E287846F239638D1002C11A0 /* View_Daily_K */,
				E287846623963887002C11A0 /* Controller_Daily_K */,
				E287845F23963843002C11A0 /* Moudel_Daily_K */,
			);
			path = Kao;
			sourceTree = "<group>";
		};
		5281E52B238D16DF00C5E554 /* QRCode */ = {
			isa = PBXGroup;
			children = (
				5281E51E238D16BC00C5E554 /* QRCodeViewController.swift */,
				5281E51F238D16BF00C5E554 /* GenQRCodeVC.swift */,
				A34994A3239D046B00012FCE /* QRCodeUserVC.swift */,
			);
			path = QRCode;
			sourceTree = "<group>";
		};
		5281E52C238D16EC00C5E554 /* lavilogImage */ = {
			isa = PBXGroup;
			children = (
				5281E524238D16C800C5E554 /* background.png */,
				5281E526238D16CC00C5E554 /* ios.png */,
				5281E525238D16CA00C5E554 /* iu.jpeg */,
				5281E523238D16C600C5E554 /* swift.png */,
			);
			path = lavilogImage;
			sourceTree = "<group>";
		};
		5281E531238D171600C5E554 /* SearchUser */ = {
			isa = PBXGroup;
			children = (
				522A3FD02396607500EE7F69 /* User.swift */,
				522A3FCE23965E3900EE7F69 /* UserCell.swift */,
				5281E52E238D170D00C5E554 /* SearchUserVC.swift */,
				5281E52D238D170C00C5E554 /* SearchUserResultVC.swift */,
			);
			path = SearchUser;
			sourceTree = "<group>";
		};
		5281E53A238D174100C5E554 /* SearchFriend */ = {
			isa = PBXGroup;
			children = (
				5281E533238D172C00C5E554 /* Friend.swift */,
				5281E534238D172F00C5E554 /* FriendCell.swift */,
				5281E535238D173100C5E554 /* SearchFriendVC.swift */,
				5281E532238D172A00C5E554 /* SearchFriendResultVC.swift */,
			);
			path = SearchFriend;
			sourceTree = "<group>";
		};
		5281E53F238D176700C5E554 /* YiNan */ = {
			isa = PBXGroup;
			children = (
				5281E53B238D175400C5E554 /* YiNan.storyboard */,
				5281E53C238D175800C5E554 /* FriendHomeVC.swift */,
				5281E53A238D174100C5E554 /* SearchFriend */,
				5281E531238D171600C5E554 /* SearchUser */,
				5281E52B238D16DF00C5E554 /* QRCode */,
				528022ED239550DE008777B0 /* NoticeFriend */,
			);
			path = YiNan;
			sourceTree = "<group>";
		};
		7DC4543475AEF18491C1CA90 /* Frameworks */ = {
			isa = PBXGroup;
			children = (
				A34994B3239DEAC900012FCE /* Accelerate.framework */,
				933C6F726D3107DC7326E0D1 /* Pods_LaviLog.framework */,
			);
			name = Frameworks;
			sourceTree = "<group>";
		};
		A30F4CD22388CAAC0065E85C = {
			isa = PBXGroup;
			children = (
				A34994E8239DED9F00012FCE /* Charts.xcodeproj */,
				A30F4CDD2388CAAC0065E85C /* LaviLog */,
				A30F4CDC2388CAAC0065E85C /* Products */,
				09BBD47BFABDC5BA3994EB1F /* Pods */,
				7DC4543475AEF18491C1CA90 /* Frameworks */,
			);
			sourceTree = "<group>";
		};
		A30F4CDC2388CAAC0065E85C /* Products */ = {
			isa = PBXGroup;
			children = (
				A30F4CDB2388CAAC0065E85C /* LaviLog.app */,
			);
			name = Products;
			sourceTree = "<group>";
		};
		A30F4CDD2388CAAC0065E85C /* LaviLog */ = {
			isa = PBXGroup;
			children = (
				5281E52C238D16EC00C5E554 /* lavilogImage */,
				A30F4CDE2388CAAC0065E85C /* AppDelegate.swift */,
				A30F4CE02388CAAC0065E85C /* SceneDelegate.swift */,
				A30F4CE22388CAAC0065E85C /* ViewController.swift */,
				A34994B5239DEC9000012FCE /* Main.storyboard */,
				4E88A020239BCF580083B2E7 /* BackStage_main.storyboard */,
				A34994B7239DECDD00012FCE /* JheJhen */,
				4EDA7BA82397690F00A6AAE6 /* Lin */,
				5281E51C238D166400C5E554 /* Kao */,
				5281E53F238D176700C5E554 /* YiNan */,
				A30F4CE72388CAAE0065E85C /* Assets.xcassets */,
				A30F4CE92388CAAE0065E85C /* LaunchScreen.storyboard */,
				A30F4CF22388CAE20065E85C /* GoogleService-Info.plist */,
				A30F4CEC2388CAAE0065E85C /* Info.plist */,
			);
			path = LaviLog;
			sourceTree = "<group>";
		};
		A34994B7239DECDD00012FCE /* JheJhen */ = {
			isa = PBXGroup;
			children = (
				A34994B8239DECDD00012FCE /* Controller */,
				A34994C6239DECDD00012FCE /* Model */,
				A34994CB239DECDE00012FCE /* View */,
			);
			name = JheJhen;
			path = ../../LaviLogiOS2/LaviLog/JheJhen;
			sourceTree = "<group>";
		};
		A34994B8239DECDD00012FCE /* Controller */ = {
			isa = PBXGroup;
			children = (
				A34994B9239DECDD00012FCE /* signUpPhoneVC.swift */,
				A34994BA239DECDD00012FCE /* ordersVC.swift */,
				A34994BB239DECDD00012FCE /* orderDetailVC.swift */,
				A34994BC239DECDD00012FCE /* chartsTV.swift */,
				A34994BD239DECDD00012FCE /* changePasswordVC.swift */,
				A34994BE239DECDD00012FCE /* myAccountTVC.swift */,
				A34994BF239DECDD00012FCE /* signInVC.swift */,
				A34994C0239DECDD00012FCE /* userListVC.swift */,
				A34994C1239DECDD00012FCE /* signUpVC.swift */,
				A34994C2239DECDD00012FCE /* MyProfileTVC.swift */,
				A34994C3239DECDD00012FCE /* admListTVC.swift */,
				A34994C4239DECDD00012FCE /* editPhotoVC.swift */,
				A34994C5239DECDD00012FCE /* forgotPWVC.swift */,
			);
			path = Controller;
			sourceTree = "<group>";
		};
		A34994C6239DECDD00012FCE /* Model */ = {
			isa = PBXGroup;
			children = (
				A34994C7239DECDE00012FCE /* Users.swift */,
				A34994C8239DECDE00012FCE /* FuncLoadingView.swift */,
				A34994CA239DECDE00012FCE /* FirebaseWorks.swift */,
			);
			path = Model;
			sourceTree = "<group>";
		};
		A34994CB239DECDE00012FCE /* View */ = {
			isa = PBXGroup;
			children = (
				A34994F4239DEE7C00012FCE /* loadingView.xib */,
				A34994CC239DECDE00012FCE /* userListCell.swift */,
				A34994CD239DECDE00012FCE /* ordersTVCell.swift */,
				A34994CE239DECDE00012FCE /* MyAccountStoryboard.storyboard */,
				A34994CF239DECDE00012FCE /* backStage_User.storyboard */,
				A3499504239E16E400012FCE /* backStage_Adm.storyboard */,
				A34994D0239DECDE00012FCE /* admListCell.swift */,
			);
			path = View;
			sourceTree = "<group>";
		};
		A34994E9239DED9F00012FCE /* Products */ = {
			isa = PBXGroup;
			children = (
				A34994EE239DED9F00012FCE /* Charts.framework */,
				A34994F0239DED9F00012FCE /* ChartsTests.xctest */,
			);
			name = Products;
			sourceTree = "<group>";
		};
		E287845F23963843002C11A0 /* Moudel_Daily_K */ = {
			isa = PBXGroup;
			children = (
				E287846023963843002C11A0 /* Answer_Daily_K.swift */,
				E262E918239DDF110023F2D7 /* Daily_Album_K_CollectionViewCell.swift */,
				E287846123963843002C11A0 /* Question_Daily_K.swift */,
				E287846223963843002C11A0 /* SearchDailyTableViewCell.swift */,
			);
			path = Moudel_Daily_K;
			sourceTree = "<group>";
		};
		E287846623963887002C11A0 /* Controller_Daily_K */ = {
			isa = PBXGroup;
			children = (
				E287846723963887002C11A0 /* SearchDailyViewController.swift */,
				E262E916239DDED60023F2D7 /* Daily_Album_K_CollectionViewController.swift */,
				E287846823963887002C11A0 /* DailyPage2ViewController_K.swift */,
				E287846923963887002C11A0 /* DaiyInsert_ViewController_K.swift */,
			);
			path = Controller_Daily_K;
			sourceTree = "<group>";
		};
		E287846F239638D1002C11A0 /* View_Daily_K */ = {
			isa = PBXGroup;
			children = (
				E25B13222397694F003C27E4 /* Daily_Storyboard_K.storyboard */,
				E2878471239638D1002C11A0 /* Home_Storyboard_K.storyboard */,
			);
			path = View_Daily_K;
			sourceTree = "<group>";
		};
/* End PBXGroup section */

/* Begin PBXNativeTarget section */
		A30F4CDA2388CAAC0065E85C /* LaviLog */ = {
			isa = PBXNativeTarget;
			buildConfigurationList = A30F4CEF2388CAAE0065E85C /* Build configuration list for PBXNativeTarget "LaviLog" */;
			buildPhases = (
				349DBF4E284C1DD7225C13E5 /* [CP] Check Pods Manifest.lock */,
				A30F4CD72388CAAC0065E85C /* Sources */,
				A30F4CD82388CAAC0065E85C /* Frameworks */,
				A30F4CD92388CAAC0065E85C /* Resources */,
				6DFE6B1AB0E8DFA0C7A7B69D /* [CP] Embed Pods Frameworks */,
				B55DBBE03AE75D166F11D418 /* [CP] Copy Pods Resources */,
				A350C807239E268B00ACDE58 /* Embed Frameworks */,
			);
			buildRules = (
			);
			dependencies = (
			);
			name = LaviLog;
			packageProductDependencies = (
				A34994B1239DEABC00012FCE /* FacebookLogin */,
			);
			productName = LaviLog;
			productReference = A30F4CDB2388CAAC0065E85C /* LaviLog.app */;
			productType = "com.apple.product-type.application";
		};
/* End PBXNativeTarget section */

/* Begin PBXProject section */
		A30F4CD32388CAAC0065E85C /* Project object */ = {
			isa = PBXProject;
			attributes = {
				LastSwiftUpdateCheck = 1120;
				LastUpgradeCheck = 1120;
				ORGANIZATIONNAME = "\U001f張哲禎";
				TargetAttributes = {
					A30F4CDA2388CAAC0065E85C = {
						CreatedOnToolsVersion = 11.2.1;
					};
				};
			};
			buildConfigurationList = A30F4CD62388CAAC0065E85C /* Build configuration list for PBXProject "LaviLog" */;
			compatibilityVersion = "Xcode 9.3";
			developmentRegion = en;
			hasScannedForEncodings = 0;
			knownRegions = (
				en,
				Base,
			);
			mainGroup = A30F4CD22388CAAC0065E85C;
			packageReferences = (
				A34994B0239DEABC00012FCE /* XCRemoteSwiftPackageReference "facebook-ios-sdk" */,
			);
			productRefGroup = A30F4CDC2388CAAC0065E85C /* Products */;
			projectDirPath = "";
			projectReferences = (
				{
					ProductGroup = A34994E9239DED9F00012FCE /* Products */;
					ProjectRef = A34994E8239DED9F00012FCE /* Charts.xcodeproj */;
				},
			);
			projectRoot = "";
			targets = (
				A30F4CDA2388CAAC0065E85C /* LaviLog */,
			);
		};
/* End PBXProject section */

/* Begin PBXReferenceProxy section */
		A34994EE239DED9F00012FCE /* Charts.framework */ = {
			isa = PBXReferenceProxy;
			fileType = wrapper.framework;
			path = Charts.framework;
			remoteRef = A34994ED239DED9F00012FCE /* PBXContainerItemProxy */;
			sourceTree = BUILT_PRODUCTS_DIR;
		};
		A34994F0239DED9F00012FCE /* ChartsTests.xctest */ = {
			isa = PBXReferenceProxy;
			fileType = wrapper.cfbundle;
			path = ChartsTests.xctest;
			remoteRef = A34994EF239DED9F00012FCE /* PBXContainerItemProxy */;
			sourceTree = BUILT_PRODUCTS_DIR;
		};
/* End PBXReferenceProxy section */

/* Begin PBXResourcesBuildPhase section */
		A30F4CD92388CAAC0065E85C /* Resources */ = {
			isa = PBXResourcesBuildPhase;
			buildActionMask = 2147483647;
			files = (
				5281E529238D16CC00C5E554 /* iu.jpeg in Resources */,
				A3499505239E16E400012FCE /* backStage_Adm.storyboard in Resources */,
				4EDA7BB32397696300A6AAE6 /* Home_Lin.storyboard in Resources */,
				5281E528238D16CC00C5E554 /* background.png in Resources */,
				A34994E5239DECDE00012FCE /* backStage_User.storyboard in Resources */,
				A30F4CEB2388CAAE0065E85C /* LaunchScreen.storyboard in Resources */,
				A30F4CF32388CAE20065E85C /* GoogleService-Info.plist in Resources */,
				5281E527238D16CC00C5E554 /* swift.png in Resources */,
				A34994B6239DEC9000012FCE /* Main.storyboard in Resources */,
				4E88A021239BCF580083B2E7 /* BackStage_main.storyboard in Resources */,
				A34994F5239DEE7C00012FCE /* loadingView.xib in Resources */,
				5281E53D238D175800C5E554 /* YiNan.storyboard in Resources */,
				A30F4CE82388CAAE0065E85C /* Assets.xcassets in Resources */,
				E2878473239638D1002C11A0 /* Home_Storyboard_K.storyboard in Resources */,
				E25B13232397694F003C27E4 /* Daily_Storyboard_K.storyboard in Resources */,
				5281E52A238D16CC00C5E554 /* ios.png in Resources */,
				A34994E4239DECDE00012FCE /* MyAccountStoryboard.storyboard in Resources */,
			);
			runOnlyForDeploymentPostprocessing = 0;
		};
/* End PBXResourcesBuildPhase section */

/* Begin PBXShellScriptBuildPhase section */
		349DBF4E284C1DD7225C13E5 /* [CP] Check Pods Manifest.lock */ = {
			isa = PBXShellScriptBuildPhase;
			buildActionMask = 2147483647;
			files = (
			);
			inputFileListPaths = (
			);
			inputPaths = (
				"${PODS_PODFILE_DIR_PATH}/Podfile.lock",
				"${PODS_ROOT}/Manifest.lock",
			);
			name = "[CP] Check Pods Manifest.lock";
			outputFileListPaths = (
			);
			outputPaths = (
				"$(DERIVED_FILE_DIR)/Pods-LaviLog-checkManifestLockResult.txt",
			);
			runOnlyForDeploymentPostprocessing = 0;
			shellPath = /bin/sh;
			shellScript = "diff \"${PODS_PODFILE_DIR_PATH}/Podfile.lock\" \"${PODS_ROOT}/Manifest.lock\" > /dev/null\nif [ $? != 0 ] ; then\n    # print error to STDERR\n    echo \"error: The sandbox is not in sync with the Podfile.lock. Run 'pod install' or update your CocoaPods installation.\" >&2\n    exit 1\nfi\n# This output is used by Xcode 'outputs' to avoid re-running this script phase.\necho \"SUCCESS\" > \"${SCRIPT_OUTPUT_FILE_0}\"\n";
			showEnvVarsInLog = 0;
		};
		6DFE6B1AB0E8DFA0C7A7B69D /* [CP] Embed Pods Frameworks */ = {
			isa = PBXShellScriptBuildPhase;
			buildActionMask = 2147483647;
			files = (
			);
			inputFileListPaths = (
				"${PODS_ROOT}/Target Support Files/Pods-LaviLog/Pods-LaviLog-frameworks-${CONFIGURATION}-input-files.xcfilelist",
			);
			name = "[CP] Embed Pods Frameworks";
			outputFileListPaths = (
				"${PODS_ROOT}/Target Support Files/Pods-LaviLog/Pods-LaviLog-frameworks-${CONFIGURATION}-output-files.xcfilelist",
			);
			runOnlyForDeploymentPostprocessing = 0;
			shellPath = /bin/sh;
			shellScript = "\"${PODS_ROOT}/Target Support Files/Pods-LaviLog/Pods-LaviLog-frameworks.sh\"\n";
			showEnvVarsInLog = 0;
		};
		B55DBBE03AE75D166F11D418 /* [CP] Copy Pods Resources */ = {
			isa = PBXShellScriptBuildPhase;
			buildActionMask = 2147483647;
			files = (
			);
			inputFileListPaths = (
				"${PODS_ROOT}/Target Support Files/Pods-LaviLog/Pods-LaviLog-resources-${CONFIGURATION}-input-files.xcfilelist",
			);
			name = "[CP] Copy Pods Resources";
			outputFileListPaths = (
				"${PODS_ROOT}/Target Support Files/Pods-LaviLog/Pods-LaviLog-resources-${CONFIGURATION}-output-files.xcfilelist",
			);
			runOnlyForDeploymentPostprocessing = 0;
			shellPath = /bin/sh;
			shellScript = "\"${PODS_ROOT}/Target Support Files/Pods-LaviLog/Pods-LaviLog-resources.sh\"\n";
			showEnvVarsInLog = 0;
		};
/* End PBXShellScriptBuildPhase section */

/* Begin PBXSourcesBuildPhase section */
		A30F4CD72388CAAC0065E85C /* Sources */ = {
			isa = PBXSourcesBuildPhase;
			buildActionMask = 2147483647;
			files = (
				E287846423963843002C11A0 /* Question_Daily_K.swift in Sources */,
				A34994D6239DECDE00012FCE /* myAccountTVC.swift in Sources */,
				5281E53E238D175800C5E554 /* FriendHomeVC.swift in Sources */,
				5281E539238D173100C5E554 /* SearchFriendVC.swift in Sources */,
				4EDA7BB22397696300A6AAE6 /* Commodity.swift in Sources */,
				522A3FCF23965E3900EE7F69 /* UserCell.swift in Sources */,
				4EDA7BB02397696300A6AAE6 /* CommodityDetailVC.swift in Sources */,
				4EDA7BB42397696300A6AAE6 /* CommodityTableViewCell.swift in Sources */,
				A34994D1239DECDE00012FCE /* signUpPhoneVC.swift in Sources */,
				5281E537238D173100C5E554 /* Friend.swift in Sources */,
				A34994DD239DECDE00012FCE /* forgotPWVC.swift in Sources */,
				5281E536238D173100C5E554 /* SearchFriendResultVC.swift in Sources */,
				A34994D4239DECDE00012FCE /* chartsTV.swift in Sources */,
				A30F4CE32388CAAC0065E85C /* ViewController.swift in Sources */,
				A30F4CDF2388CAAC0065E85C /* AppDelegate.swift in Sources */,
				A34994E1239DECDE00012FCE /* FirebaseWorks.swift in Sources */,
				A34994D3239DECDE00012FCE /* orderDetailVC.swift in Sources */,
				A34994A4239D046B00012FCE /* QRCodeUserVC.swift in Sources */,
				528022E8239550CB008777B0 /* Notice.swift in Sources */,
				A34994DA239DECDE00012FCE /* MyProfileTVC.swift in Sources */,
				5281E530238D170E00C5E554 /* SearchUserVC.swift in Sources */,
				E287846D23963887002C11A0 /* DaiyInsert_ViewController_K.swift in Sources */,
				A34994DB239DECDE00012FCE /* admListTVC.swift in Sources */,
				E287846B23963887002C11A0 /* SearchDailyViewController.swift in Sources */,
				A34994E2239DECDE00012FCE /* userListCell.swift in Sources */,
				A34994D2239DECDE00012FCE /* ordersVC.swift in Sources */,
				A34994E3239DECDE00012FCE /* ordersTVCell.swift in Sources */,
				5281E522238D16BF00C5E554 /* GenQRCodeVC.swift in Sources */,
				A34994E6239DECDE00012FCE /* admListCell.swift in Sources */,
				528022EC239550D8008777B0 /* NoticeTVC.swift in Sources */,
				E262E919239DDF110023F2D7 /* Daily_Album_K_CollectionViewCell.swift in Sources */,
				A34994D9239DECDE00012FCE /* signUpVC.swift in Sources */,
				5281E521238D16BF00C5E554 /* QRCodeViewController.swift in Sources */,
				522A3FD12396607500EE7F69 /* User.swift in Sources */,
				A34994D5239DECDE00012FCE /* changePasswordVC.swift in Sources */,
				A30F4CE12388CAAC0065E85C /* SceneDelegate.swift in Sources */,
				A34994DE239DECDE00012FCE /* Users.swift in Sources */,
				E287846C23963887002C11A0 /* DailyPage2ViewController_K.swift in Sources */,
				52B3B1D7239561F1009E66AB /* NoticeCell.swift in Sources */,
				A34994D7239DECDE00012FCE /* signInVC.swift in Sources */,
				4EDA7BB12397696300A6AAE6 /* CommodityTableViewController.swift in Sources */,
				5281E538238D173100C5E554 /* FriendCell.swift in Sources */,
				5281E52F238D170E00C5E554 /* SearchUserResultVC.swift in Sources */,
				A34994DC239DECDE00012FCE /* editPhotoVC.swift in Sources */,
				E287846323963843002C11A0 /* Answer_Daily_K.swift in Sources */,
				A34994D8239DECDE00012FCE /* userListVC.swift in Sources */,
				E287846523963843002C11A0 /* SearchDailyTableViewCell.swift in Sources */,
				A34994DF239DECDE00012FCE /* FuncLoadingView.swift in Sources */,
				E262E917239DDED60023F2D7 /* Daily_Album_K_CollectionViewController.swift in Sources */,
			);
			runOnlyForDeploymentPostprocessing = 0;
		};
/* End PBXSourcesBuildPhase section */

/* Begin PBXVariantGroup section */
		A30F4CE92388CAAE0065E85C /* LaunchScreen.storyboard */ = {
			isa = PBXVariantGroup;
			children = (
				A30F4CEA2388CAAE0065E85C /* Base */,
			);
			name = LaunchScreen.storyboard;
			sourceTree = "<group>";
		};
/* End PBXVariantGroup section */

/* Begin XCBuildConfiguration section */
		A30F4CED2388CAAE0065E85C /* Debug */ = {
			isa = XCBuildConfiguration;
			buildSettings = {
				ALWAYS_SEARCH_USER_PATHS = NO;
				CLANG_ANALYZER_NONNULL = YES;
				CLANG_ANALYZER_NUMBER_OBJECT_CONVERSION = YES_AGGRESSIVE;
				CLANG_CXX_LANGUAGE_STANDARD = "gnu++14";
				CLANG_CXX_LIBRARY = "libc++";
				CLANG_ENABLE_MODULES = YES;
				CLANG_ENABLE_OBJC_ARC = YES;
				CLANG_ENABLE_OBJC_WEAK = YES;
				CLANG_WARN_BLOCK_CAPTURE_AUTORELEASING = YES;
				CLANG_WARN_BOOL_CONVERSION = YES;
				CLANG_WARN_COMMA = YES;
				CLANG_WARN_CONSTANT_CONVERSION = YES;
				CLANG_WARN_DEPRECATED_OBJC_IMPLEMENTATIONS = YES;
				CLANG_WARN_DIRECT_OBJC_ISA_USAGE = YES_ERROR;
				CLANG_WARN_DOCUMENTATION_COMMENTS = YES;
				CLANG_WARN_EMPTY_BODY = YES;
				CLANG_WARN_ENUM_CONVERSION = YES;
				CLANG_WARN_INFINITE_RECURSION = YES;
				CLANG_WARN_INT_CONVERSION = YES;
				CLANG_WARN_NON_LITERAL_NULL_CONVERSION = YES;
				CLANG_WARN_OBJC_IMPLICIT_RETAIN_SELF = YES;
				CLANG_WARN_OBJC_LITERAL_CONVERSION = YES;
				CLANG_WARN_OBJC_ROOT_CLASS = YES_ERROR;
				CLANG_WARN_RANGE_LOOP_ANALYSIS = YES;
				CLANG_WARN_STRICT_PROTOTYPES = YES;
				CLANG_WARN_SUSPICIOUS_MOVE = YES;
				CLANG_WARN_UNGUARDED_AVAILABILITY = YES_AGGRESSIVE;
				CLANG_WARN_UNREACHABLE_CODE = YES;
				CLANG_WARN__DUPLICATE_METHOD_MATCH = YES;
				COPY_PHASE_STRIP = NO;
				DEBUG_INFORMATION_FORMAT = dwarf;
				ENABLE_STRICT_OBJC_MSGSEND = YES;
				ENABLE_TESTABILITY = YES;
				GCC_C_LANGUAGE_STANDARD = gnu11;
				GCC_DYNAMIC_NO_PIC = NO;
				GCC_NO_COMMON_BLOCKS = YES;
				GCC_OPTIMIZATION_LEVEL = 0;
				GCC_PREPROCESSOR_DEFINITIONS = (
					"DEBUG=1",
					"$(inherited)",
				);
				GCC_WARN_64_TO_32_BIT_CONVERSION = YES;
				GCC_WARN_ABOUT_RETURN_TYPE = YES_ERROR;
				GCC_WARN_UNDECLARED_SELECTOR = YES;
				GCC_WARN_UNINITIALIZED_AUTOS = YES_AGGRESSIVE;
				GCC_WARN_UNUSED_FUNCTION = YES;
				GCC_WARN_UNUSED_VARIABLE = YES;
				IPHONEOS_DEPLOYMENT_TARGET = 13.2;
				MTL_ENABLE_DEBUG_INFO = INCLUDE_SOURCE;
				MTL_FAST_MATH = YES;
				ONLY_ACTIVE_ARCH = YES;
				SDKROOT = iphoneos;
				SWIFT_ACTIVE_COMPILATION_CONDITIONS = DEBUG;
				SWIFT_OPTIMIZATION_LEVEL = "-Onone";
			};
			name = Debug;
		};
		A30F4CEE2388CAAE0065E85C /* Release */ = {
			isa = XCBuildConfiguration;
			buildSettings = {
				ALWAYS_SEARCH_USER_PATHS = NO;
				CLANG_ANALYZER_NONNULL = YES;
				CLANG_ANALYZER_NUMBER_OBJECT_CONVERSION = YES_AGGRESSIVE;
				CLANG_CXX_LANGUAGE_STANDARD = "gnu++14";
				CLANG_CXX_LIBRARY = "libc++";
				CLANG_ENABLE_MODULES = YES;
				CLANG_ENABLE_OBJC_ARC = YES;
				CLANG_ENABLE_OBJC_WEAK = YES;
				CLANG_WARN_BLOCK_CAPTURE_AUTORELEASING = YES;
				CLANG_WARN_BOOL_CONVERSION = YES;
				CLANG_WARN_COMMA = YES;
				CLANG_WARN_CONSTANT_CONVERSION = YES;
				CLANG_WARN_DEPRECATED_OBJC_IMPLEMENTATIONS = YES;
				CLANG_WARN_DIRECT_OBJC_ISA_USAGE = YES_ERROR;
				CLANG_WARN_DOCUMENTATION_COMMENTS = YES;
				CLANG_WARN_EMPTY_BODY = YES;
				CLANG_WARN_ENUM_CONVERSION = YES;
				CLANG_WARN_INFINITE_RECURSION = YES;
				CLANG_WARN_INT_CONVERSION = YES;
				CLANG_WARN_NON_LITERAL_NULL_CONVERSION = YES;
				CLANG_WARN_OBJC_IMPLICIT_RETAIN_SELF = YES;
				CLANG_WARN_OBJC_LITERAL_CONVERSION = YES;
				CLANG_WARN_OBJC_ROOT_CLASS = YES_ERROR;
				CLANG_WARN_RANGE_LOOP_ANALYSIS = YES;
				CLANG_WARN_STRICT_PROTOTYPES = YES;
				CLANG_WARN_SUSPICIOUS_MOVE = YES;
				CLANG_WARN_UNGUARDED_AVAILABILITY = YES_AGGRESSIVE;
				CLANG_WARN_UNREACHABLE_CODE = YES;
				CLANG_WARN__DUPLICATE_METHOD_MATCH = YES;
				COPY_PHASE_STRIP = NO;
				DEBUG_INFORMATION_FORMAT = "dwarf-with-dsym";
				ENABLE_NS_ASSERTIONS = NO;
				ENABLE_STRICT_OBJC_MSGSEND = YES;
				GCC_C_LANGUAGE_STANDARD = gnu11;
				GCC_NO_COMMON_BLOCKS = YES;
				GCC_WARN_64_TO_32_BIT_CONVERSION = YES;
				GCC_WARN_ABOUT_RETURN_TYPE = YES_ERROR;
				GCC_WARN_UNDECLARED_SELECTOR = YES;
				GCC_WARN_UNINITIALIZED_AUTOS = YES_AGGRESSIVE;
				GCC_WARN_UNUSED_FUNCTION = YES;
				GCC_WARN_UNUSED_VARIABLE = YES;
				IPHONEOS_DEPLOYMENT_TARGET = 13.2;
				MTL_ENABLE_DEBUG_INFO = NO;
				MTL_FAST_MATH = YES;
				SDKROOT = iphoneos;
				SWIFT_COMPILATION_MODE = wholemodule;
				SWIFT_OPTIMIZATION_LEVEL = "-O";
				VALIDATE_PRODUCT = YES;
			};
			name = Release;
		};
		A30F4CF02388CAAE0065E85C /* Debug */ = {
			isa = XCBuildConfiguration;
			baseConfigurationReference = 1545BC26871D2C28A99594E3 /* Pods-LaviLog.debug.xcconfig */;
			buildSettings = {
				ASSETCATALOG_COMPILER_APPICON_NAME = AppIcon;
				CODE_SIGN_STYLE = Automatic;
				DEVELOPMENT_TEAM = 4GW94AQ3L6;
				INFOPLIST_FILE = LaviLog/Info.plist;
				LD_RUNPATH_SEARCH_PATHS = (
					"$(inherited)",
					"@executable_path/Frameworks",
				);
				PRODUCT_BUNDLE_IDENTIFIER = watermelon.LaviLog2yinan;
				PRODUCT_NAME = "$(TARGET_NAME)";
				SWIFT_VERSION = 5.0;
				TARGETED_DEVICE_FAMILY = "1,2";
			};
			name = Debug;
		};
		A30F4CF12388CAAE0065E85C /* Release */ = {
			isa = XCBuildConfiguration;
			baseConfigurationReference = 239B829599FFAA741B2151EE /* Pods-LaviLog.release.xcconfig */;
			buildSettings = {
				ASSETCATALOG_COMPILER_APPICON_NAME = AppIcon;
				CODE_SIGN_STYLE = Automatic;
				DEVELOPMENT_TEAM = 4GW94AQ3L6;
				INFOPLIST_FILE = LaviLog/Info.plist;
				LD_RUNPATH_SEARCH_PATHS = (
					"$(inherited)",
					"@executable_path/Frameworks",
				);
				PRODUCT_BUNDLE_IDENTIFIER = watermelon.LaviLog2yinan;
				PRODUCT_NAME = "$(TARGET_NAME)";
				SWIFT_VERSION = 5.0;
				TARGETED_DEVICE_FAMILY = "1,2";
			};
			name = Release;
		};
/* End XCBuildConfiguration section */

/* Begin XCConfigurationList section */
		A30F4CD62388CAAC0065E85C /* Build configuration list for PBXProject "LaviLog" */ = {
			isa = XCConfigurationList;
			buildConfigurations = (
				A30F4CED2388CAAE0065E85C /* Debug */,
				A30F4CEE2388CAAE0065E85C /* Release */,
			);
			defaultConfigurationIsVisible = 0;
			defaultConfigurationName = Release;
		};
		A30F4CEF2388CAAE0065E85C /* Build configuration list for PBXNativeTarget "LaviLog" */ = {
			isa = XCConfigurationList;
			buildConfigurations = (
				A30F4CF02388CAAE0065E85C /* Debug */,
				A30F4CF12388CAAE0065E85C /* Release */,
			);
			defaultConfigurationIsVisible = 0;
			defaultConfigurationName = Release;
		};
/* End XCConfigurationList section */

/* Begin XCRemoteSwiftPackageReference section */
		A34994B0239DEABC00012FCE /* XCRemoteSwiftPackageReference "facebook-ios-sdk" */ = {
			isa = XCRemoteSwiftPackageReference;
			repositoryURL = "https://github.com/facebook/facebook-ios-sdk";
			requirement = {
				kind = upToNextMajorVersion;
				minimumVersion = 5.12.0;
			};
		};
/* End XCRemoteSwiftPackageReference section */

/* Begin XCSwiftPackageProductDependency section */
		A34994B1239DEABC00012FCE /* FacebookLogin */ = {
			isa = XCSwiftPackageProductDependency;
			package = A34994B0239DEABC00012FCE /* XCRemoteSwiftPackageReference "facebook-ios-sdk" */;
			productName = FacebookLogin;
		};
/* End XCSwiftPackageProductDependency section */
	};
	rootObject = A30F4CD32388CAAC0065E85C /* Project object */;
}
